
Microsoft Visual Studio Solution File, Format Version 10.00
# Visual Studio 2008
Project("{8BC9CEB8-8B4A-11D0-8D11-00A0C91BC942}") = "LemmatizatorTool64", "LemmatizatorTool64.vcproj", "{BE81184E-6657-4FB8-AAB9-3C72786E425D}"
EndProject
Global
	GlobalSection(SolutionConfigurationPlatforms) = preSolution
		Debug|Win32 = Debug|Win32
		Release|Win32 = Release|Win32
	EndGlobalSection
	GlobalSection(ProjectConfigurationPlatforms) = postSolution
		{BE81184E-6657-4FB8-AAB9-3C72786E425D}.Debug|Win32.ActiveCfg = Release|x64
		{BE81184E-6657-4FB8-AAB9-3C72786E425D}.Debug|Win32.Build.0 = Release|x64
		{BE81184E-6657-4FB8-AAB9-3C72786E425D}.Release|Win32.ActiveCfg = Release|Win32
		{BE81184E-6657-4FB8-AAB9-3C72786E425D}.Release|Win32.Build.0 = Release|Win32
	EndGlobalSection
	GlobalSection(SolutionProperties) = preSolution
		HideSolutionNode = FALSE
	EndGlobalSection
EndGlobal
